// !$*UTF8*$!
{
	archiveVersion = 1;
	classes = {
	};
	objectVersion = 50;
	objects = {

/* Begin PBXBuildFile section */
		E0FD76EA24E5F70800A43BFB /* AppDelegate.swift in Sources */ = {isa = PBXBuildFile; fileRef = E0FD76E924E5F70800A43BFB /* AppDelegate.swift */; };
		E0FD76EC24E5F70800A43BFB /* SceneDelegate.swift in Sources */ = {isa = PBXBuildFile; fileRef = E0FD76EB24E5F70800A43BFB /* SceneDelegate.swift */; };
		E0FD76EE24E5F70800A43BFB /* ViewController.swift in Sources */ = {isa = PBXBuildFile; fileRef = E0FD76ED24E5F70800A43BFB /* ViewController.swift */; };
		E0FD76F124E5F70800A43BFB /* Main.storyboard in Resources */ = {isa = PBXBuildFile; fileRef = E0FD76EF24E5F70800A43BFB /* Main.storyboard */; };
		E0FD76F324E5F70900A43BFB /* Assets.xcassets in Resources */ = {isa = PBXBuildFile; fileRef = E0FD76F224E5F70900A43BFB /* Assets.xcassets */; };
		E0FD76F624E5F70900A43BFB /* LaunchScreen.storyboard in Resources */ = {isa = PBXBuildFile; fileRef = E0FD76F424E5F70900A43BFB /* LaunchScreen.storyboard */; };
		E0FD770124E5F70900A43BFB /* TipCalculatorTests.swift in Sources */ = {isa = PBXBuildFile; fileRef = E0FD770024E5F70900A43BFB /* TipCalculatorTests.swift */; };
		E0FD770C24E5F70900A43BFB /* TipCalculatorUITests.swift in Sources */ = {isa = PBXBuildFile; fileRef = E0FD770B24E5F70900A43BFB /* TipCalculatorUITests.swift */; };
/* End PBXBuildFile section */

/* Begin PBXContainerItemProxy section */
		E0FD76FD24E5F70900A43BFB /* PBXContainerItemProxy */ = {
			isa = PBXContainerItemProxy;
			containerPortal = E0FD76DE24E5F70800A43BFB /* Project object */;
			proxyType = 1;
			remoteGlobalIDString = E0FD76E524E5F70800A43BFB;
			remoteInfo = TipCalculator;
		};
		E0FD770824E5F70900A43BFB /* PBXContainerItemProxy */ = {
			isa = PBXContainerItemProxy;
			containerPortal = E0FD76DE24E5F70800A43BFB /* Project object */;
			proxyType = 1;
			remoteGlobalIDString = E0FD76E524E5F70800A43BFB;
			remoteInfo = TipCalculator;
		};
/* End PBXContainerItemProxy section */

/* Begin PBXFileReference section */
		E0FD76E624E5F70800A43BFB /* TipCalculator.app */ = {isa = PBXFileReference; explicitFileType = wrapper.application; includeInIndex = 0; path = TipCalculator.app; sourceTree = BUILT_PRODUCTS_DIR; };
		E0FD76E924E5F70800A43BFB /* AppDelegate.swift */ = {isa = PBXFileReference; lastKnownFileType = sourcecode.swift; path = AppDelegate.swift; sourceTree = "<group>"; };
		E0FD76EB24E5F70800A43BFB /* SceneDelegate.swift */ = {isa = PBXFileReference; lastKnownFileType = sourcecode.swift; path = SceneDelegate.swift; sourceTree = "<group>"; };
		E0FD76ED24E5F70800A43BFB /* ViewController.swift */ = {isa = PBXFileReference; lastKnownFileType = sourcecode.swift; path = ViewController.swift; sourceTree = "<group>"; };
		E0FD76F024E5F70800A43BFB /* Base */ = {isa = PBXFileReference; lastKnownFileType = file.storyboard; name = Base; path = Base.lproj/Main.storyboard; sourceTree = "<group>"; };
		E0FD76F224E5F70900A43BFB /* Assets.xcassets */ = {isa = PBXFileReference; lastKnownFileType = folder.assetcatalog; path = Assets.xcassets; sourceTree = "<group>"; };
		E0FD76F524E5F70900A43BFB /* Base */ = {isa = PBXFileReference; lastKnownFileType = file.storyboard; name = Base; path = Base.lproj/LaunchScreen.storyboard; sourceTree = "<group>"; };
		E0FD76F724E5F70900A43BFB /* Info.plist */ = {isa = PBXFileReference; lastKnownFileType = text.plist.xml; path = Info.plist; sourceTree = "<group>"; };
		E0FD76FC24E5F70900A43BFB /* TipCalculatorTests.xctest */ = {isa = PBXFileReference; explicitFileType = wrapper.cfbundle; includeInIndex = 0; path = TipCalculatorTests.xctest; sourceTree = BUILT_PRODUCTS_DIR; };
		E0FD770024E5F70900A43BFB /* TipCalculatorTests.swift */ = {isa = PBXFileReference; lastKnownFileType = sourcecode.swift; path = TipCalculatorTests.swift; sourceTree = "<group>"; };
		E0FD770224E5F70900A43BFB /* Info.plist */ = {isa = PBXFileReference; lastKnownFileType = text.plist.xml; path = Info.plist; sourceTree = "<group>"; };
		E0FD770724E5F70900A43BFB /* TipCalculatorUITests.xctest */ = {isa = PBXFileReference; explicitFileType = wrapper.cfbundle; includeInIndex = 0; path = TipCalculatorUITests.xctest; sourceTree = BUILT_PRODUCTS_DIR; };
		E0FD770B24E5F70900A43BFB /* TipCalculatorUITests.swift */ = {isa = PBXFileReference; lastKnownFileType = sourcecode.swift; path = TipCalculatorUITests.swift; sourceTree = "<group>"; };
		E0FD770D24E5F70900A43BFB /* Info.plist */ = {isa = PBXFileReference; lastKnownFileType = text.plist.xml; path = Info.plist; sourceTree = "<group>"; };
/* End PBXFileReference section */

/* Begin PBXFrameworksBuildPhase section */
		E0FD76E324E5F70800A43BFB /* Frameworks */ = {
			isa = PBXFrameworksBuildPhase;
			buildActionMask = 2147483647;
			files = (
			);
			runOnlyForDeploymentPostprocessing = 0;
		};
		E0FD76F924E5F70900A43BFB /* Frameworks */ = {
			isa = PBXFrameworksBuildPhase;
			buildActionMask = 2147483647;
			files = (
			);
			runOnlyForDeploymentPostprocessing = 0;
		};
		E0FD770424E5F70900A43BFB /* Frameworks */ = {
			isa = PBXFrameworksBuildPhase;
			buildActionMask = 2147483647;
			files = (
			);
			runOnlyForDeploymentPostprocessing = 0;
		};
/* End PBXFrameworksBuildPhase section */

/* Begin PBXGroup section */
		E0FD76DD24E5F70800A43BFB = {
			isa = PBXGroup;
			children = (
				E0FD76E824E5F70800A43BFB /* TipCalculator */,
				E0FD76FF24E5F70900A43BFB /* TipCalculatorTests */,
				E0FD770A24E5F70900A43BFB /* TipCalculatorUITests */,
				E0FD76E724E5F70800A43BFB /* Products */,
			);
			sourceTree = "<group>";
		};
		E0FD76E724E5F70800A43BFB /* Products */ = {
			isa = PBXGroup;
			children = (
				E0FD76E624E5F70800A43BFB /* TipCalculator.app */,
				E0FD76FC24E5F70900A43BFB /* TipCalculatorTests.xctest */,
				E0FD770724E5F70900A43BFB /* TipCalculatorUITests.xctest */,
			);
			name = Products;
			sourceTree = "<group>";
		};
		E0FD76E824E5F70800A43BFB /* TipCalculator */ = {
			isa = PBXGroup;
			children = (
				E0FD76E924E5F70800A43BFB /* AppDelegate.swift */,
				E0FD76EB24E5F70800A43BFB /* SceneDelegate.swift */,
				E0FD76ED24E5F70800A43BFB /* ViewController.swift */,
				E0FD76EF24E5F70800A43BFB /* Main.storyboard */,
				E0FD76F224E5F70900A43BFB /* Assets.xcassets */,
				E0FD76F424E5F70900A43BFB /* LaunchScreen.storyboard */,
				E0FD76F724E5F70900A43BFB /* Info.plist */,
			);
			path = TipCalculator;
			sourceTree = "<group>";
		};
		E0FD76FF24E5F70900A43BFB /* TipCalculatorTests */ = {
			isa = PBXGroup;
			children = (
				E0FD770024E5F70900A43BFB /* TipCalculatorTests.swift */,
				E0FD770224E5F70900A43BFB /* Info.plist */,
			);
			path = TipCalculatorTests;
			sourceTree = "<group>";
		};
		E0FD770A24E5F70900A43BFB /* TipCalculatorUITests */ = {
			isa = PBXGroup;
			children = (
				E0FD770B24E5F70900A43BFB /* TipCalculatorUITests.swift */,
				E0FD770D24E5F70900A43BFB /* Info.plist */,
			);
			path = TipCalculatorUITests;
			sourceTree = "<group>";
		};
/* End PBXGroup section */

/* Begin PBXNativeTarget section */
		E0FD76E524E5F70800A43BFB /* TipCalculator */ = {
			isa = PBXNativeTarget;
			buildConfigurationList = E0FD771024E5F70900A43BFB /* Build configuration list for PBXNativeTarget "TipCalculator" */;
			buildPhases = (
				E0FD76E224E5F70800A43BFB /* Sources */,
				E0FD76E324E5F70800A43BFB /* Frameworks */,
				E0FD76E424E5F70800A43BFB /* Resources */,
			);
			buildRules = (
			);
			dependencies = (
			);
			name = TipCalculator;
			productName = TipCalculator;
			productReference = E0FD76E624E5F70800A43BFB /* TipCalculator.app */;
			productType = "com.apple.product-type.application";
		};
		E0FD76FB24E5F70900A43BFB /* TipCalculatorTests */ = {
			isa = PBXNativeTarget;
			buildConfigurationList = E0FD771324E5F70900A43BFB /* Build configuration list for PBXNativeTarget "TipCalculatorTests" */;
			buildPhases = (
				E0FD76F824E5F70900A43BFB /* Sources */,
				E0FD76F924E5F70900A43BFB /* Frameworks */,
				E0FD76FA24E5F70900A43BFB /* Resources */,
			);
			buildRules = (
			);
			dependencies = (
				E0FD76FE24E5F70900A43BFB /* PBXTargetDependency */,
			);
			name = TipCalculatorTests;
			productName = TipCalculatorTests;
			productReference = E0FD76FC24E5F70900A43BFB /* TipCalculatorTests.xctest */;
			productType = "com.apple.product-type.bundle.unit-test";
		};
		E0FD770624E5F70900A43BFB /* TipCalculatorUITests */ = {
			isa = PBXNativeTarget;
			buildConfigurationList = E0FD771624E5F70900A43BFB /* Build configuration list for PBXNativeTarget "TipCalculatorUITests" */;
			buildPhases = (
				E0FD770324E5F70900A43BFB /* Sources */,
				E0FD770424E5F70900A43BFB /* Frameworks */,
				E0FD770524E5F70900A43BFB /* Resources */,
			);
			buildRules = (
			);
			dependencies = (
				E0FD770924E5F70900A43BFB /* PBXTargetDependency */,
			);
			name = TipCalculatorUITests;
			productName = TipCalculatorUITests;
			productReference = E0FD770724E5F70900A43BFB /* TipCalculatorUITests.xctest */;
			productType = "com.apple.product-type.bundle.ui-testing";
		};
/* End PBXNativeTarget section */

/* Begin PBXProject section */
		E0FD76DE24E5F70800A43BFB /* Project object */ = {
			isa = PBXProject;
			attributes = {
				LastSwiftUpdateCheck = 1130;
				LastUpgradeCheck = 1130;
				ORGANIZATIONNAME = "Sivam Agarwalla";
				TargetAttributes = {
					E0FD76E524E5F70800A43BFB = {
						CreatedOnToolsVersion = 11.3.1;
					};
					E0FD76FB24E5F70900A43BFB = {
						CreatedOnToolsVersion = 11.3.1;
						TestTargetID = E0FD76E524E5F70800A43BFB;
					};
					E0FD770624E5F70900A43BFB = {
						CreatedOnToolsVersion = 11.3.1;
						TestTargetID = E0FD76E524E5F70800A43BFB;
					};
				};
			};
			buildConfigurationList = E0FD76E124E5F70800A43BFB /* Build configuration list for PBXProject "TipCalculator" */;
			compatibilityVersion = "Xcode 9.3";
			developmentRegion = en;
			hasScannedForEncodings = 0;
			knownRegions = (
				en,
				Base,
			);
			mainGroup = E0FD76DD24E5F70800A43BFB;
			productRefGroup = E0FD76E724E5F70800A43BFB /* Products */;
			projectDirPath = "";
			projectRoot = "";
			targets = (
				E0FD76E524E5F70800A43BFB /* TipCalculator */,
				E0FD76FB24E5F70900A43BFB /* TipCalculatorTests */,
				E0FD770624E5F70900A43BFB /* TipCalculatorUITests */,
			);
		};
/* End PBXProject section */

/* Begin PBXResourcesBuildPhase section */
		E0FD76E424E5F70800A43BFB /* Resources */ = {
			isa = PBXResourcesBuildPhase;
			buildActionMask = 2147483647;
			files = (
				E0FD76F624E5F70900A43BFB /* LaunchScreen.storyboard in Resources */,
				E0FD76F324E5F70900A43BFB /* Assets.xcassets in Resources */,
				E0FD76F124E5F70800A43BFB /* Main.storyboard in Resources */,
			);
			runOnlyForDeploymentPostprocessing = 0;
		};
		E0FD76FA24E5F70900A43BFB /* Resources */ = {
			isa = PBXResourcesBuildPhase;
			buildActionMask = 2147483647;
			files = (
			);
			runOnlyForDeploymentPostprocessing = 0;
		};
		E0FD770524E5F70900A43BFB /* Resources */ = {
			isa = PBXResourcesBuildPhase;
			buildActionMask = 2147483647;
			files = (
			);
			runOnlyForDeploymentPostprocessing = 0;
		};
/* End PBXResourcesBuildPhase section */

/* Begin PBXSourcesBuildPhase section */
		E0FD76E224E5F70800A43BFB /* Sources */ = {
			isa = PBXSourcesBuildPhase;
			buildActionMask = 2147483647;
			files = (
				E0FD76EE24E5F70800A43BFB /* ViewController.swift in Sources */,
				E0FD76EA24E5F70800A43BFB /* AppDelegate.swift in Sources */,
				E0FD76EC24E5F70800A43BFB /* SceneDelegate.swift in Sources */,
			);
			runOnlyForDeploymentPostprocessing = 0;
		};
		E0FD76F824E5F70900A43BFB /* Sources */ = {
			isa = PBXSourcesBuildPhase;
			buildActionMask = 2147483647;
			files = (
				E0FD770124E5F70900A43BFB /* TipCalculatorTests.swift in Sources */,
			);
			runOnlyForDeploymentPostprocessing = 0;
		};
		E0FD770324E5F70900A43BFB /* Sources */ = {
			isa = PBXSourcesBuildPhase;
			buildActionMask = 2147483647;
			files = (
				E0FD770C24E5F70900A43BFB /* TipCalculatorUITests.swift in Sources */,
			);
			runOnlyForDeploymentPostprocessing = 0;
		};
/* End PBXSourcesBuildPhase section */

/* Begin PBXTargetDependency section */
		E0FD76FE24E5F70900A43BFB /* PBXTargetDependency */ = {
			isa = PBXTargetDependency;
			target = E0FD76E524E5F70800A43BFB /* TipCalculator */;
			targetProxy = E0FD76FD24E5F70900A43BFB /* PBXContainerItemProxy */;
		};
		E0FD770924E5F70900A43BFB /* PBXTargetDependency */ = {
			isa = PBXTargetDependency;
			target = E0FD76E524E5F70800A43BFB /* TipCalculator */;
			targetProxy = E0FD770824E5F70900A43BFB /* PBXContainerItemProxy */;
		};
/* End PBXTargetDependency section */

/* Begin PBXVariantGroup section */
		E0FD76EF24E5F70800A43BFB /* Main.storyboard */ = {
			isa = PBXVariantGroup;
			children = (
				E0FD76F024E5F70800A43BFB /* Base */,
			);
			name = Main.storyboard;
			sourceTree = "<group>";
		};
		E0FD76F424E5F70900A43BFB /* LaunchScreen.storyboard */ = {
			isa = PBXVariantGroup;
			children = (
				E0FD76F524E5F70900A43BFB /* Base */,
			);
			name = LaunchScreen.storyboard;
			sourceTree = "<group>";
		};
/* End PBXVariantGroup section */

/* Begin XCBuildConfiguration section */
		E0FD770E24E5F70900A43BFB /* Debug */ = {
			isa = XCBuildConfiguration;
			buildSettings = {
				ALWAYS_SEARCH_USER_PATHS = NO;
				CLANG_ANALYZER_NONNULL = YES;
				CLANG_ANALYZER_NUMBER_OBJECT_CONVERSION = YES_AGGRESSIVE;
				CLANG_CXX_LANGUAGE_STANDARD = "gnu++14";
				CLANG_CXX_LIBRARY = "libc++";
				CLANG_ENABLE_MODULES = YES;
				CLANG_ENABLE_OBJC_ARC = YES;
				CLANG_ENABLE_OBJC_WEAK = YES;
				CLANG_WARN_BLOCK_CAPTURE_AUTORELEASING = YES;
				CLANG_WARN_BOOL_CONVERSION = YES;
				CLANG_WARN_COMMA = YES;
				CLANG_WARN_CONSTANT_CONVERSION = YES;
				CLANG_WARN_DEPRECATED_OBJC_IMPLEMENTATIONS = YES;
				CLANG_WARN_DIRECT_OBJC_ISA_USAGE = YES_ERROR;
				CLANG_WARN_DOCUMENTATION_COMMENTS = YES;
				CLANG_WARN_EMPTY_BODY = YES;
				CLANG_WARN_ENUM_CONVERSION = YES;
				CLANG_WARN_INFINITE_RECURSION = YES;
				CLANG_WARN_INT_CONVERSION = YES;
				CLANG_WARN_NON_LITERAL_NULL_CONVERSION = YES;
				CLANG_WARN_OBJC_IMPLICIT_RETAIN_SELF = YES;
				CLANG_WARN_OBJC_LITERAL_CONVERSION = YES;
				CLANG_WARN_OBJC_ROOT_CLASS = YES_ERROR;
				CLANG_WARN_RANGE_LOOP_ANALYSIS = YES;
				CLANG_WARN_STRICT_PROTOTYPES = YES;
				CLANG_WARN_SUSPICIOUS_MOVE = YES;
				CLANG_WARN_UNGUARDED_AVAILABILITY = YES_AGGRESSIVE;
				CLANG_WARN_UNREACHABLE_CODE = YES;
				CLANG_WARN__DUPLICATE_METHOD_MATCH = YES;
				COPY_PHASE_STRIP = NO;
				DEBUG_INFORMATION_FORMAT = dwarf;
				ENABLE_STRICT_OBJC_MSGSEND = YES;
				ENABLE_TESTABILITY = YES;
				GCC_C_LANGUAGE_STANDARD = gnu11;
				GCC_DYNAMIC_NO_PIC = NO;
				GCC_NO_COMMON_BLOCKS = YES;
				GCC_OPTIMIZATION_LEVEL = 0;
				GCC_PREPROCESSOR_DEFINITIONS = (
					"DEBUG=1",
					"$(inherited)",
				);
				GCC_WARN_64_TO_32_BIT_CONVERSION = YES;
				GCC_WARN_ABOUT_RETURN_TYPE = YES_ERROR;
				GCC_WARN_UNDECLARED_SELECTOR = YES;
				GCC_WARN_UNINITIALIZED_AUTOS = YES_AGGRESSIVE;
				GCC_WARN_UNUSED_FUNCTION = YES;
				GCC_WARN_UNUSED_VARIABLE = YES;
				IPHONEOS_DEPLOYMENT_TARGET = 13.2;
				MTL_ENABLE_DEBUG_INFO = INCLUDE_SOURCE;
				MTL_FAST_MATH = YES;
				ONLY_ACTIVE_ARCH = YES;
				SDKROOT = iphoneos;
				SWIFT_ACTIVE_COMPILATION_CONDITIONS = DEBUG;
				SWIFT_OPTIMIZATION_LEVEL = "-Onone";
			};
			name = Debug;
		};
		E0FD770F24E5F70900A43BFB /* Release */ = {
			isa = XCBuildConfiguration;
			buildSettings = {
				ALWAYS_SEARCH_USER_PATHS = NO;
				CLANG_ANALYZER_NONNULL = YES;
				CLANG_ANALYZER_NUMBER_OBJECT_CONVERSION = YES_AGGRESSIVE;
				CLANG_CXX_LANGUAGE_STANDARD = "gnu++14";
				CLANG_CXX_LIBRARY = "libc++";
				CLANG_ENABLE_MODULES = YES;
				CLANG_ENABLE_OBJC_ARC = YES;
				CLANG_ENABLE_OBJC_WEAK = YES;
				CLANG_WARN_BLOCK_CAPTURE_AUTORELEASING = YES;
				CLANG_WARN_BOOL_CONVERSION = YES;
				CLANG_WARN_COMMA = YES;
				CLANG_WARN_CONSTANT_CONVERSION = YES;
				CLANG_WARN_DEPRECATED_OBJC_IMPLEMENTATIONS = YES;
				CLANG_WARN_DIRECT_OBJC_ISA_USAGE = YES_ERROR;
				CLANG_WARN_DOCUMENTATION_COMMENTS = YES;
				CLANG_WARN_EMPTY_BODY = YES;
				CLANG_WARN_ENUM_CONVERSION = YES;
				CLANG_WARN_INFINITE_RECURSION = YES;
				CLANG_WARN_INT_CONVERSION = YES;
				CLANG_WARN_NON_LITERAL_NULL_CONVERSION = YES;
				CLANG_WARN_OBJC_IMPLICIT_RETAIN_SELF = YES;
				CLANG_WARN_OBJC_LITERAL_CONVERSION = YES;
				CLANG_WARN_OBJC_ROOT_CLASS = YES_ERROR;
				CLANG_WARN_RANGE_LOOP_ANALYSIS = YES;
				CLANG_WARN_STRICT_PROTOTYPES = YES;
				CLANG_WARN_SUSPICIOUS_MOVE = YES;
				CLANG_WARN_UNGUARDED_AVAILABILITY = YES_AGGRESSIVE;
				CLANG_WARN_UNREACHABLE_CODE = YES;
				CLANG_WARN__DUPLICATE_METHOD_MATCH = YES;
				COPY_PHASE_STRIP = NO;
				DEBUG_INFORMATION_FORMAT = "dwarf-with-dsym";
				ENABLE_NS_ASSERTIONS = NO;
				ENABLE_STRICT_OBJC_MSGSEND = YES;
				GCC_C_LANGUAGE_STANDARD = gnu11;
				GCC_NO_COMMON_BLOCKS = YES;
				GCC_WARN_64_TO_32_BIT_CONVERSION = YES;
				GCC_WARN_ABOUT_RETURN_TYPE = YES_ERROR;
				GCC_WARN_UNDECLARED_SELECTOR = YES;
				GCC_WARN_UNINITIALIZED_AUTOS = YES_AGGRESSIVE;
				GCC_WARN_UNUSED_FUNCTION = YES;
				GCC_WARN_UNUSED_VARIABLE = YES;
				IPHONEOS_DEPLOYMENT_TARGET = 13.2;
				MTL_ENABLE_DEBUG_INFO = NO;
				MTL_FAST_MATH = YES;
				SDKROOT = iphoneos;
				SWIFT_COMPILATION_MODE = wholemodule;
				SWIFT_OPTIMIZATION_LEVEL = "-O";
				VALIDATE_PRODUCT = YES;
			};
			name = Release;
		};
		E0FD771124E5F70900A43BFB /* Debug */ = {
			isa = XCBuildConfiguration;
			buildSettings = {
				ASSETCATALOG_COMPILER_APPICON_NAME = AppIcon;
				CODE_SIGN_STYLE = Automatic;
				INFOPLIST_FILE = TipCalculator/Info.plist;
				LD_RUNPATH_SEARCH_PATHS = (
					"$(inherited)",
					"@executable_path/Frameworks",
				);
				PRODUCT_BUNDLE_IDENTIFIER = "com.example.apple-samplecode.TipCalculator";
				PRODUCT_NAME = "$(TARGET_NAME)";
				SWIFT_VERSION = 5.0;
				TARGETED_DEVICE_FAMILY = "1,2";
			};
			name = Debug;
		};
		E0FD771224E5F70900A43BFB /* Release */ = {
			isa = XCBuildConfiguration;
			buildSettings = {
				ASSETCATALOG_COMPILER_APPICON_NAME = AppIcon;
				CODE_SIGN_STYLE = Automatic;
				INFOPLIST_FILE = TipCalculator/Info.plist;
				LD_RUNPATH_SEARCH_PATHS = (
					"$(inherited)",
					"@executable_path/Frameworks",
				);
				PRODUCT_BUNDLE_IDENTIFIER = "com.example.apple-samplecode.TipCalculator";
				PRODUCT_NAME = "$(TARGET_NAME)";
				SWIFT_VERSION = 5.0;
				TARGETED_DEVICE_FAMILY = "1,2";
			};
			name = Release;
		};
		E0FD771424E5F70900A43BFB /* Debug */ = {
			isa = XCBuildConfiguration;
			buildSettings = {
				ALWAYS_EMBED_SWIFT_STANDARD_LIBRARIES = YES;
				BUNDLE_LOADER = "$(TEST_HOST)";
				CODE_SIGN_STYLE = Automatic;
				INFOPLIST_FILE = TipCalculatorTests/Info.plist;
				IPHONEOS_DEPLOYMENT_TARGET = 13.2;
				LD_RUNPATH_SEARCH_PATHS = (
					"$(inherited)",
					"@executable_path/Frameworks",
					"@loader_path/Frameworks",
				);
				PRODUCT_BUNDLE_IDENTIFIER = "com.example.apple-samplecode.TipCalculatorTests";
				PRODUCT_NAME = "$(TARGET_NAME)";
				SWIFT_VERSION = 5.0;
				TARGETED_DEVICE_FAMILY = "1,2";
				TEST_HOST = "$(BUILT_PRODUCTS_DIR)/TipCalculator.app/TipCalculator";
			};
			name = Debug;
		};
		E0FD771524E5F70900A43BFB /* Release */ = {
			isa = XCBuildConfiguration;
			buildSettings = {
				ALWAYS_EMBED_SWIFT_STANDARD_LIBRARIES = YES;
				BUNDLE_LOADER = "$(TEST_HOST)";
				CODE_SIGN_STYLE = Automatic;
				INFOPLIST_FILE = TipCalculatorTests/Info.plist;
				IPHONEOS_DEPLOYMENT_TARGET = 13.2;
				LD_RUNPATH_SEARCH_PATHS = (
					"$(inherited)",
					"@executable_path/Frameworks",
					"@loader_path/Frameworks",
				);
				PRODUCT_BUNDLE_IDENTIFIER = "com.example.apple-samplecode.TipCalculatorTests";
				PRODUCT_NAME = "$(TARGET_NAME)";
				SWIFT_VERSION = 5.0;
				TARGETED_DEVICE_FAMILY = "1,2";
				TEST_HOST = "$(BUILT_PRODUCTS_DIR)/TipCalculator.app/TipCalculator";
			};
			name = Release;
		};
		E0FD771724E5F70900A43BFB /* Debug */ = {
			isa = XCBuildConfiguration;
			buildSettings = {
				ALWAYS_EMBED_SWIFT_STANDARD_LIBRARIES = YES;
				CODE_SIGN_STYLE = Automatic;
				INFOPLIST_FILE = TipCalculatorUITests/Info.plist;
				LD_RUNPATH_SEARCH_PATHS = (
					"$(inherited)",
					"@executable_path/Frameworks",
					"@loader_path/Frameworks",
				);
				PRODUCT_BUNDLE_IDENTIFIER = "com.example.apple-samplecode.TipCalculatorUITests";
				PRODUCT_NAME = "$(TARGET_NAME)";
				SWIFT_VERSION = 5.0;
				TARGETED_DEVICE_FAMILY = "1,2";
				TEST_TARGET_NAME = TipCalculator;
			};
			name = Debug;
		};
		E0FD771824E5F70900A43BFB /* Release */ = {
			isa = XCBuildConfiguration;
			buildSettings = {
				ALWAYS_EMBED_SWIFT_STANDARD_LIBRARIES = YES;
				CODE_SIGN_STYLE = Automatic;
				INFOPLIST_FILE = TipCalculatorUITests/Info.plist;
				LD_RUNPATH_SEARCH_PATHS = (
					"$(inherited)",
					"@executable_path/Frameworks",
					"@loader_path/Frameworks",
				);
				PRODUCT_BUNDLE_IDENTIFIER = "com.example.apple-samplecode.TipCalculatorUITests";
				PRODUCT_NAME = "$(TARGET_NAME)";
				SWIFT_VERSION = 5.0;
				TARGETED_DEVICE_FAMILY = "1,2";
				TEST_TARGET_NAME = TipCalculator;
			};
			name = Release;
		};
/* End XCBuildConfiguration section */

/* Begin XCConfigurationList section */
		E0FD76E124E5F70800A43BFB /* Build configuration list for PBXProject "TipCalculator" */ = {
			isa = XCConfigurationList;
			buildConfigurations = (
				E0FD770E24E5F70900A43BFB /* Debug */,
				E0FD770F24E5F70900A43BFB /* Release */,
			);
			defaultConfigurationIsVisible = 0;
			defaultConfigurationName = Release;
		};
		E0FD771024E5F70900A43BFB /* Build configuration list for PBXNativeTarget "TipCalculator" */ = {
			isa = XCConfigurationList;
			buildConfigurations = (
				E0FD771124E5F70900A43BFB /* Debug */,
				E0FD771224E5F70900A43BFB /* Release */,
			);
			defaultConfigurationIsVisible = 0;
			defaultConfigurationName = Release;
		};
		E0FD771324E5F70900A43BFB /* Build configuration list for PBXNativeTarget "TipCalculatorTests" */ = {
			isa = XCConfigurationList;
			buildConfigurations = (
				E0FD771424E5F70900A43BFB /* Debug */,
				E0FD771524E5F70900A43BFB /* Release */,
			);
			defaultConfigurationIsVisible = 0;
			defaultConfigurationName = Release;
		};
		E0FD771624E5F70900A43BFB /* Build configuration list for PBXNativeTarget "TipCalculatorUITests" */ = {
			isa = XCConfigurationList;
			buildConfigurations = (
				E0FD771724E5F70900A43BFB /* Debug */,
				E0FD771824E5F70900A43BFB /* Release */,
			);
			defaultConfigurationIsVisible = 0;
			defaultConfigurationName = Release;
		};
/* End XCConfigurationList section */
	};
	rootObject = E0FD76DE24E5F70800A43BFB /* Project object */;
}
